
Microsoft Visual Studio Solution File, Format Version 12.00
# Visual Studio 15
VisualStudioVersion = 15.0.27004.2009
MinimumVisualStudioVersion = 10.0.40219.1
Project("{FAE04EC0-301F-11D3-BF4B-00C04F79EFBC}") = "Ase.Shared", "Ase.Shared\Ase.Shared.csproj", "{7D4CDCF6-BF8B-4E36-BBA4-12A7026EC0A6}"
EndProject
Project("{FAE04EC0-301F-11D3-BF4B-00C04F79EFBC}") = "Ase.Tests", "Ase.Tests\Ase.Tests.csproj", "{031C0564-5A4C-4C44-BEAA-9B75A1F3677F}"
EndProject
Project("{FAE04EC0-301F-11D3-BF4B-00C04F79EFBC}") = "Ase.AzureFunctions", "Ase.AzureFunctions\Ase.AzureFunctions.csproj", "{595ED240-682A-4E90-982D-4BAD19CA5704}"
EndProject
Global
	GlobalSection(SolutionConfigurationPlatforms) = preSolution
		Debug|Any CPU = Debug|Any CPU
		Release|Any CPU = Release|Any CPU
	EndGlobalSection
	GlobalSection(ProjectConfigurationPlatforms) = postSolution
		{7D4CDCF6-BF8B-4E36-BBA4-12A7026EC0A6}.Debug|Any CPU.ActiveCfg = Debug|Any CPU
		{7D4CDCF6-BF8B-4E36-BBA4-12A7026EC0A6}.Debug|Any CPU.Build.0 = Debug|Any CPU
		{7D4CDCF6-BF8B-4E36-BBA4-12A7026EC0A6}.Release|Any CPU.ActiveCfg = Release|Any CPU
		{7D4CDCF6-BF8B-4E36-BBA4-12A7026EC0A6}.Release|Any CPU.Build.0 = Release|Any CPU
		{031C0564-5A4C-4C44-BEAA-9B75A1F3677F}.Debug|Any CPU.ActiveCfg = Debug|Any CPU
		{031C0564-5A4C-4C44-BEAA-9B75A1F3677F}.Debug|Any CPU.Build.0 = Debug|Any CPU
		{031C0564-5A4C-4C44-BEAA-9B75A1F3677F}.Release|Any CPU.ActiveCfg = Release|Any CPU
		{031C0564-5A4C-4C44-BEAA-9B75A1F3677F}.Release|Any CPU.Build.0 = Release|Any CPU
		{595ED240-682A-4E90-982D-4BAD19CA5704}.Debug|Any CPU.ActiveCfg = Debug|Any CPU
		{595ED240-682A-4E90-982D-4BAD19CA5704}.Debug|Any CPU.Build.0 = Debug|Any CPU
		{595ED240-682A-4E90-982D-4BAD19CA5704}.Release|Any CPU.ActiveCfg = Release|Any CPU
		{595ED240-682A-4E90-982D-4BAD19CA5704}.Release|Any CPU.Build.0 = Release|Any CPU
	EndGlobalSection
	GlobalSection(SolutionProperties) = preSolution
		HideSolutionNode = FALSE
	EndGlobalSection
	GlobalSection(ExtensibilityGlobals) = postSolution
		SolutionGuid = {B0D477D3-3325-4D56-B9E0-F2D831E74186}
	EndGlobalSection
EndGlobal
